{
  "version": 4,
  "terraform_version": "1.0.11",
  "serial": 26,
  "lineage": "1362fad2-20fc-b92d-7b48-52a6b78d03e8",
  "outputs": {},
  "resources": [
    {
      "mode": "managed",
      "type": "azurerm_app_service",
      "name": "app",
      "provider": "provider[\"registry.terraform.io/hashicorp/azurerm\"]",
      "instances": [
        {
          "schema_version": 0,
          "attributes": {
            "app_service_plan_id": "/subscriptions/dac4cab6-7da3-4bba-a0c6-b93e33e6717a/resourceGroups/RG-Isuru/providers/Microsoft.Web/serverfarms/Isuru-prd-plan",
            "app_settings": {},
            "auth_settings": [
              {
                "active_directory": [],
                "additional_login_params": {},
                "allowed_external_redirect_urls": [],
                "default_provider": "",
                "enabled": false,
                "facebook": [],
                "google": [],
                "issuer": "",
                "microsoft": [],
                "runtime_version": "",
                "token_refresh_extension_hours": 0,
                "token_store_enabled": false,
                "twitter": [],
                "unauthenticated_client_action": ""
              }
            ],
            "backup": [],
            "client_affinity_enabled": false,
            "client_cert_enabled": false,
            "client_cert_mode": "Required",
            "connection_string": [],
            "custom_domain_verification_id": "0EC61FF5D3B6A67034A98C37A3E5621181611BCE251926A9E201E73AE44EEA60",
            "default_site_hostname": "isuru-prd-appservice.azurewebsites.net",
            "enabled": true,
            "https_only": false,
            "id": "/subscriptions/dac4cab6-7da3-4bba-a0c6-b93e33e6717a/resourceGroups/RG-Isuru/providers/Microsoft.Web/sites/Isuru-prd-appservice",
            "identity": [],
            "key_vault_reference_identity_id": "SystemAssigned",
            "location": "westus2",
            "logs": [
              {
                "application_logs": [
                  {
                    "azure_blob_storage": [],
                    "file_system_level": "Off"
                  }
                ],
                "detailed_error_messages_enabled": false,
                "failed_request_tracing_enabled": false,
                "http_logs": [
                  {
                    "azure_blob_storage": [],
                    "file_system": []
                  }
                ]
              }
            ],
            "name": "Isuru-prd-appservice",
            "outbound_ip_address_list": [
              "40.64.107.98",
              "40.64.107.100",
              "40.64.107.105",
              "40.64.107.106",
              "40.64.107.203",
              "40.64.107.211",
              "40.64.128.224"
            ],
            "outbound_ip_addresses": "40.64.107.98,40.64.107.100,40.64.107.105,40.64.107.106,40.64.107.203,40.64.107.211,40.64.128.224",
            "possible_outbound_ip_address_list": [
              "40.64.107.98",
              "40.64.107.100",
              "40.64.107.105",
              "40.64.107.106",
              "40.64.107.203",
              "40.64.107.211",
              "40.64.107.235",
              "40.64.107.250",
              "40.64.108.3",
              "40.64.108.9",
              "40.64.108.13",
              "40.64.108.20",
              "52.156.98.32",
              "52.250.34.147",
              "52.156.100.35",
              "52.250.35.28",
              "52.250.39.90",
              "52.250.39.242",
              "20.99.217.47",
              "20.99.216.230",
              "20.99.217.2",
              "20.99.217.64",
              "20.99.217.74",
              "20.99.216.176",
              "40.64.128.224"
            ],
            "possible_outbound_ip_addresses": "40.64.107.98,40.64.107.100,40.64.107.105,40.64.107.106,40.64.107.203,40.64.107.211,40.64.107.235,40.64.107.250,40.64.108.3,40.64.108.9,40.64.108.13,40.64.108.20,52.156.98.32,52.250.34.147,52.156.100.35,52.250.35.28,52.250.39.90,52.250.39.242,20.99.217.47,20.99.216.230,20.99.217.2,20.99.217.64,20.99.217.74,20.99.216.176,40.64.128.224",
            "resource_group_name": "RG-Isuru",
            "site_config": [
              {
                "acr_use_managed_identity_credentials": false,
                "acr_user_managed_identity_client_id": "",
                "always_on": false,
                "app_command_line": "",
                "auto_swap_slot_name": "",
                "cors": [
                  {
                    "allowed_origins": [],
                    "support_credentials": false
                  }
                ],
                "default_documents": [],
                "dotnet_framework_version": "v4.0",
                "ftps_state": "AllAllowed",
                "health_check_path": "",
                "http2_enabled": false,
                "ip_restriction": [],
                "java_container": "",
                "java_container_version": "",
                "java_version": "",
                "linux_fx_version": "COMPOSE|dmVyc2lvbjogIjMuMCIKIyBUaGlzIGlzIHRoZSBkb2NrZXIgY29tcG9zZSBtdXRpIGNvbnRhaW5lciB5YW1sIGZpbGUgd2hpY2ggZGVwbG95IHBvc3RncmUgZGIsIGRiIGluaXQgJiBzZXJ2aWFuIGFwcApzZXJ2aWNlczoKICAjRGVwbG95IG5naW54IGNvbnRhaW5lcgogIG5naW54OgogICAgaW1hZ2U6ICJuZ2lueDpsYXRlc3QiCiAgICByZXN0YXJ0OiBhbHdheXMKICAgIGNvbnRhaW5lcl9uYW1lOiAicG9zdGdyZXMiCiAgICBwb3J0czoKICAgICAgLSA1NDMyOjU0MzIKCiA=",
                "local_mysql_enabled": false,
                "managed_pipeline_mode": "Integrated",
                "min_tls_version": "1.2",
                "number_of_workers": 1,
                "php_version": "",
                "python_version": "",
                "remote_debugging_enabled": false,
                "remote_debugging_version": "VS2019",
                "scm_ip_restriction": [],
                "scm_type": "None",
                "scm_use_main_ip_restriction": false,
                "use_32_bit_worker_process": false,
                "vnet_route_all_enabled": false,
                "websockets_enabled": false,
                "windows_fx_version": ""
              }
            ],
            "site_credential": [
              {
                "password": "4scMlX9CvZaqzvxoe3MZGo3ZJhtGhHnRocvl37CkDPmm71YpxDDbrmt4png9",
                "username": "$Isuru-prd-appservice"
              }
            ],
            "source_control": [
              {
                "branch": "master",
                "manual_integration": false,
                "repo_url": "",
                "rollback_enabled": false,
                "use_mercurial": false
              }
            ],
            "storage_account": [],
            "tags": {},
            "timeouts": null
          },
          "sensitive_attributes": [],
          "private": "eyJlMmJmYjczMC1lY2FhLTExZTYtOGY4OC0zNDM2M2JjN2M0YzAiOnsiY3JlYXRlIjoxODAwMDAwMDAwMDAwLCJkZWxldGUiOjE4MDAwMDAwMDAwMDAsInJlYWQiOjMwMDAwMDAwMDAwMCwidXBkYXRlIjoxODAwMDAwMDAwMDAwfX0=",
          "dependencies": [
            "azurerm_app_service_plan.plan",
            "azurerm_resource_group.rg"
          ]
        }
      ]
    },
    {
      "mode": "managed",
      "type": "azurerm_app_service_plan",
      "name": "plan",
      "provider": "provider[\"registry.terraform.io/hashicorp/azurerm\"]",
      "instances": [
        {
          "schema_version": 0,
          "attributes": {
            "app_service_environment_id": "",
            "id": "/subscriptions/dac4cab6-7da3-4bba-a0c6-b93e33e6717a/resourceGroups/RG-Isuru/providers/Microsoft.Web/serverfarms/Isuru-prd-plan",
            "is_xenon": false,
            "kind": "linux",
            "location": "westus2",
            "maximum_elastic_worker_count": 1,
            "maximum_number_of_workers": 10,
            "name": "Isuru-prd-plan",
            "per_site_scaling": false,
            "reserved": true,
            "resource_group_name": "RG-Isuru",
            "sku": [
              {
                "capacity": 1,
                "size": "S1",
                "tier": "Standard"
              }
            ],
            "tags": {},
            "timeouts": null,
            "zone_redundant": false
          },
          "sensitive_attributes": [],
          "private": "eyJlMmJmYjczMC1lY2FhLTExZTYtOGY4OC0zNDM2M2JjN2M0YzAiOnsiY3JlYXRlIjozNjAwMDAwMDAwMDAwLCJkZWxldGUiOjM2MDAwMDAwMDAwMDAsInJlYWQiOjMwMDAwMDAwMDAwMCwidXBkYXRlIjozNjAwMDAwMDAwMDAwfX0=",
          "dependencies": [
            "azurerm_resource_group.rg"
          ]
        }
      ]
    },
    {
      "mode": "managed",
      "type": "azurerm_resource_group",
      "name": "rg",
      "provider": "provider[\"registry.terraform.io/hashicorp/azurerm\"]",
      "instances": [
        {
          "schema_version": 0,
          "attributes": {
            "id": "/subscriptions/dac4cab6-7da3-4bba-a0c6-b93e33e6717a/resourceGroups/RG-Isuru",
            "location": "westus2",
            "name": "RG-Isuru",
            "tags": {},
            "timeouts": null
          },
          "sensitive_attributes": [],
          "private": "eyJlMmJmYjczMC1lY2FhLTExZTYtOGY4OC0zNDM2M2JjN2M0YzAiOnsiY3JlYXRlIjo1NDAwMDAwMDAwMDAwLCJkZWxldGUiOjU0MDAwMDAwMDAwMDAsInJlYWQiOjMwMDAwMDAwMDAwMCwidXBkYXRlIjo1NDAwMDAwMDAwMDAwfX0="
        }
      ]
    }
  ]
}
