{
  "version": 4,
  "terraform_version": "1.0.11",
  "serial": 11,
  "lineage": "6fb42818-bba2-768b-94e1-2e6868de4457",
  "outputs": {},
  "resources": [
    {
      "mode": "managed",
      "type": "azurerm_linux_virtual_machine",
      "name": "vm",
      "provider": "provider[\"registry.terraform.io/hashicorp/azurerm\"]",
      "instances": [
        {
          "schema_version": 0,
          "attributes": {
            "additional_capabilities": [],
            "admin_password": null,
            "admin_ssh_key": [
              {
                "public_key": "ssh-rsa AAAAB3NzaC1yc2EAAAADAQABAAACAQD/u1/GhvjbGrASlb13+PF63Kiwalms6INQB8m5XwVAwm15BHhH1CVn/i2OBdJWkcKjBu2BhpxjXSyYMx3HY9HxI+s1W7Mp5TaVq85jJjsNT41lxHxuBSyFhUUl5+2BlNEq9lrBN0YuugcuQ+3Pq8ER6AXMydWzoYrSEVYLwnivWf2lTKSfOtmSXnkMNlM62bCOJCx0RYZ5OSViNK8A5gXI4sBS3++H60R73VSo/tFTjy12ZydfHY0fSnqqcvq1wMktWvmVApp22yh5zhYs+etYF9g6nJaUocurELkOyeLzTcTwwug3ux/fwulD3wz7WYpeLX9A1Mce4dPnOrZFkYgoYaJ/wgWxgprPSr0i5eOptbQe1rcazjmTuFAdWjIBgqOsz+3oeMPeoY8NZDpvRCWRyBEfvm19G9TKAln0lLP9PEk/N0XxgEVHKfFsZ7z1KvMTYvgAS0UG7pT8LW6QS5SxTMuwa7sLodsqakKJfaKqD0SLGgVERvjw0NN5a2Qppl1dtrdJiRad3YPJfSQ1Kjo2raibFNYK6mj+dRT2vdziWfI854j/AhpA5mJY/ykTp9LJ4QjH8Ky4nQQ+JPydqrYfxPPBwXLQZgjnThMtaOxUGm9qjsqlG9vJRX9XpvxTgzyvWnbYZ1TIkplKtlgPSDEaCT8XJcCTobyUi1xQcPe+EQ==\n",
                "username": "adminuser"
              }
            ],
            "admin_username": "adminuser",
            "allow_extension_operations": true,
            "availability_set_id": "",
            "boot_diagnostics": [],
            "computer_name": "isuru-tf-prd-vm",
            "custom_data": null,
            "dedicated_host_group_id": "",
            "dedicated_host_id": "",
            "disable_password_authentication": true,
            "encryption_at_host_enabled": false,
            "eviction_policy": "",
            "extensions_time_budget": "PT1H30M",
            "id": "/subscriptions/dac4cab6-7da3-4bba-a0c6-b93e33e6717a/resourceGroups/RG-isuru-tf/providers/Microsoft.Compute/virtualMachines/isuru-tf-prd-vm",
            "identity": [],
            "license_type": "",
            "location": "westus2",
            "max_bid_price": -1,
            "name": "isuru-tf-prd-vm",
            "network_interface_ids": [
              "/subscriptions/dac4cab6-7da3-4bba-a0c6-b93e33e6717a/resourceGroups/RG-isuru-tf/providers/Microsoft.Network/networkInterfaces/isuru-tf-nic"
            ],
            "os_disk": [
              {
                "caching": "ReadWrite",
                "diff_disk_settings": [],
                "disk_encryption_set_id": "",
                "disk_size_gb": 30,
                "name": "isuru-tf-prd-vm_OsDisk_1_4b1427ad82984313872d09dcb9a926b1",
                "storage_account_type": "Standard_LRS",
                "write_accelerator_enabled": false
              }
            ],
            "patch_mode": "ImageDefault",
            "plan": [],
            "platform_fault_domain": -1,
            "priority": "Regular",
            "private_ip_address": "10.0.2.4",
            "private_ip_addresses": [
              "10.0.2.4"
            ],
            "provision_vm_agent": true,
            "proximity_placement_group_id": "",
            "public_ip_address": "20.114.53.104",
            "public_ip_addresses": [
              "20.114.53.104"
            ],
            "resource_group_name": "RG-isuru-tf",
            "secret": [],
            "secure_boot_enabled": false,
            "size": "Standard_F2",
            "source_image_id": "",
            "source_image_reference": [
              {
                "offer": "UbuntuServer",
                "publisher": "Canonical",
                "sku": "16.04-LTS",
                "version": "latest"
              }
            ],
            "tags": {},
            "timeouts": null,
            "user_data": "",
            "virtual_machine_id": "8eb1cb29-5a96-401e-8935-5e797a27571a",
            "virtual_machine_scale_set_id": "",
            "vtpm_enabled": false,
            "zone": ""
          },
          "sensitive_attributes": [],
          "private": "eyJlMmJmYjczMC1lY2FhLTExZTYtOGY4OC0zNDM2M2JjN2M0YzAiOnsiY3JlYXRlIjoyNzAwMDAwMDAwMDAwLCJkZWxldGUiOjI3MDAwMDAwMDAwMDAsInJlYWQiOjMwMDAwMDAwMDAwMCwidXBkYXRlIjoyNzAwMDAwMDAwMDAwfX0=",
          "dependencies": [
            "azurerm_network_interface.nic",
            "azurerm_public_ip.pip",
            "azurerm_resource_group.rg",
            "azurerm_subnet.subnet",
            "azurerm_virtual_network.vnet",
            "tls_private_key.ssh"
          ]
        }
      ]
    },
    {
      "mode": "managed",
      "type": "azurerm_network_interface",
      "name": "nic",
      "provider": "provider[\"registry.terraform.io/hashicorp/azurerm\"]",
      "instances": [
        {
          "schema_version": 0,
          "attributes": {
            "applied_dns_servers": [],
            "dns_servers": [],
            "enable_accelerated_networking": false,
            "enable_ip_forwarding": false,
            "id": "/subscriptions/dac4cab6-7da3-4bba-a0c6-b93e33e6717a/resourceGroups/RG-isuru-tf/providers/Microsoft.Network/networkInterfaces/isuru-tf-nic",
            "internal_dns_name_label": "",
            "internal_domain_name_suffix": "f134r04hsbfubkjvjfw03lc3vh.xx.internal.cloudapp.net",
            "ip_configuration": [
              {
                "gateway_load_balancer_frontend_ip_configuration_id": "",
                "name": "isuru-tf-ipconfig",
                "primary": true,
                "private_ip_address": "10.0.2.4",
                "private_ip_address_allocation": "Dynamic",
                "private_ip_address_version": "IPv4",
                "public_ip_address_id": "/subscriptions/dac4cab6-7da3-4bba-a0c6-b93e33e6717a/resourceGroups/RG-isuru-tf/providers/Microsoft.Network/publicIPAddresses/isuru-tf-pip",
                "subnet_id": "/subscriptions/dac4cab6-7da3-4bba-a0c6-b93e33e6717a/resourceGroups/RG-isuru-tf/providers/Microsoft.Network/virtualNetworks/isuru-tf-vnet/subnets/isuru-tf-subnet"
              }
            ],
            "location": "westus2",
            "mac_address": "00-22-48-7A-39-03",
            "name": "isuru-tf-nic",
            "private_ip_address": "10.0.2.4",
            "private_ip_addresses": [
              "10.0.2.4"
            ],
            "resource_group_name": "RG-isuru-tf",
            "tags": {},
            "timeouts": null,
            "virtual_machine_id": "/subscriptions/dac4cab6-7da3-4bba-a0c6-b93e33e6717a/resourceGroups/RG-isuru-tf/providers/Microsoft.Compute/virtualMachines/isuru-tf-prd-vm"
          },
          "sensitive_attributes": [],
          "private": "eyJlMmJmYjczMC1lY2FhLTExZTYtOGY4OC0zNDM2M2JjN2M0YzAiOnsiY3JlYXRlIjoxODAwMDAwMDAwMDAwLCJkZWxldGUiOjE4MDAwMDAwMDAwMDAsInJlYWQiOjMwMDAwMDAwMDAwMCwidXBkYXRlIjoxODAwMDAwMDAwMDAwfX0=",
          "dependencies": [
            "azurerm_public_ip.pip",
            "azurerm_resource_group.rg",
            "azurerm_subnet.subnet",
            "azurerm_virtual_network.vnet"
          ]
        }
      ]
    },
    {
      "mode": "managed",
      "type": "azurerm_network_interface_security_group_association",
      "name": "attach_nic",
      "provider": "provider[\"registry.terraform.io/hashicorp/azurerm\"]",
      "instances": [
        {
          "schema_version": 0,
          "attributes": {
            "id": "/subscriptions/dac4cab6-7da3-4bba-a0c6-b93e33e6717a/resourceGroups/RG-isuru-tf/providers/Microsoft.Network/networkInterfaces/isuru-tf-nic|/subscriptions/dac4cab6-7da3-4bba-a0c6-b93e33e6717a/resourceGroups/RG-isuru-tf/providers/Microsoft.Network/networkSecurityGroups/isuru-tf-prd-nsg",
            "network_interface_id": "/subscriptions/dac4cab6-7da3-4bba-a0c6-b93e33e6717a/resourceGroups/RG-isuru-tf/providers/Microsoft.Network/networkInterfaces/isuru-tf-nic",
            "network_security_group_id": "/subscriptions/dac4cab6-7da3-4bba-a0c6-b93e33e6717a/resourceGroups/RG-isuru-tf/providers/Microsoft.Network/networkSecurityGroups/isuru-tf-prd-nsg",
            "timeouts": null
          },
          "sensitive_attributes": [],
          "private": "eyJlMmJmYjczMC1lY2FhLTExZTYtOGY4OC0zNDM2M2JjN2M0YzAiOnsiY3JlYXRlIjoxODAwMDAwMDAwMDAwLCJkZWxldGUiOjE4MDAwMDAwMDAwMDAsInJlYWQiOjMwMDAwMDAwMDAwMCwidXBkYXRlIjoxODAwMDAwMDAwMDAwfX0=",
          "dependencies": [
            "azurerm_network_interface.nic",
            "azurerm_network_security_group.nsg",
            "azurerm_public_ip.pip",
            "azurerm_resource_group.rg",
            "azurerm_subnet.subnet",
            "azurerm_virtual_network.vnet"
          ]
        }
      ]
    },
    {
      "mode": "managed",
      "type": "azurerm_network_security_group",
      "name": "nsg",
      "provider": "provider[\"registry.terraform.io/hashicorp/azurerm\"]",
      "instances": [
        {
          "schema_version": 0,
          "attributes": {
            "id": "/subscriptions/dac4cab6-7da3-4bba-a0c6-b93e33e6717a/resourceGroups/RG-isuru-tf/providers/Microsoft.Network/networkSecurityGroups/isuru-tf-prd-nsg",
            "location": "westus2",
            "name": "isuru-tf-prd-nsg",
            "resource_group_name": "RG-isuru-tf",
            "security_rule": [
              {
                "access": "Allow",
                "description": "",
                "destination_address_prefix": "*",
                "destination_address_prefixes": [],
                "destination_application_security_group_ids": [],
                "destination_port_range": "*",
                "destination_port_ranges": [],
                "direction": "Inbound",
                "name": "Allow_ssh",
                "priority": 100,
                "protocol": "*",
                "source_address_prefix": "*",
                "source_address_prefixes": [],
                "source_application_security_group_ids": [],
                "source_port_range": "22",
                "source_port_ranges": []
              }
            ],
            "tags": {
              "environment": "prd"
            },
            "timeouts": null
          },
          "sensitive_attributes": [],
          "private": "eyJlMmJmYjczMC1lY2FhLTExZTYtOGY4OC0zNDM2M2JjN2M0YzAiOnsiY3JlYXRlIjoxODAwMDAwMDAwMDAwLCJkZWxldGUiOjE4MDAwMDAwMDAwMDAsInJlYWQiOjMwMDAwMDAwMDAwMCwidXBkYXRlIjoxODAwMDAwMDAwMDAwfX0=",
          "dependencies": [
            "azurerm_resource_group.rg"
          ]
        }
      ]
    },
    {
      "mode": "managed",
      "type": "azurerm_public_ip",
      "name": "pip",
      "provider": "provider[\"registry.terraform.io/hashicorp/azurerm\"]",
      "instances": [
        {
          "schema_version": 0,
          "attributes": {
            "allocation_method": "Static",
            "availability_zone": "No-Zone",
            "domain_name_label": null,
            "fqdn": null,
            "id": "/subscriptions/dac4cab6-7da3-4bba-a0c6-b93e33e6717a/resourceGroups/RG-isuru-tf/providers/Microsoft.Network/publicIPAddresses/isuru-tf-pip",
            "idle_timeout_in_minutes": 4,
            "ip_address": "20.114.53.104",
            "ip_tags": {},
            "ip_version": "IPv4",
            "location": "westus2",
            "name": "isuru-tf-pip",
            "public_ip_prefix_id": null,
            "resource_group_name": "RG-isuru-tf",
            "reverse_fqdn": null,
            "sku": "Basic",
            "sku_tier": "Regional",
            "tags": {
              "environment": "prd"
            },
            "timeouts": null,
            "zones": []
          },
          "sensitive_attributes": [],
          "private": "eyJlMmJmYjczMC1lY2FhLTExZTYtOGY4OC0zNDM2M2JjN2M0YzAiOnsiY3JlYXRlIjoxODAwMDAwMDAwMDAwLCJkZWxldGUiOjE4MDAwMDAwMDAwMDAsInJlYWQiOjMwMDAwMDAwMDAwMCwidXBkYXRlIjoxODAwMDAwMDAwMDAwfX0=",
          "dependencies": [
            "azurerm_resource_group.rg"
          ]
        }
      ]
    },
    {
      "mode": "managed",
      "type": "azurerm_resource_group",
      "name": "rg",
      "provider": "provider[\"registry.terraform.io/hashicorp/azurerm\"]",
      "instances": [
        {
          "schema_version": 0,
          "attributes": {
            "id": "/subscriptions/dac4cab6-7da3-4bba-a0c6-b93e33e6717a/resourceGroups/RG-isuru-tf",
            "location": "westus2",
            "name": "RG-isuru-tf",
            "tags": {},
            "timeouts": null
          },
          "sensitive_attributes": [],
          "private": "eyJlMmJmYjczMC1lY2FhLTExZTYtOGY4OC0zNDM2M2JjN2M0YzAiOnsiY3JlYXRlIjo1NDAwMDAwMDAwMDAwLCJkZWxldGUiOjU0MDAwMDAwMDAwMDAsInJlYWQiOjMwMDAwMDAwMDAwMCwidXBkYXRlIjo1NDAwMDAwMDAwMDAwfX0="
        }
      ]
    },
    {
      "mode": "managed",
      "type": "azurerm_subnet",
      "name": "subnet",
      "provider": "provider[\"registry.terraform.io/hashicorp/azurerm\"]",
      "instances": [
        {
          "schema_version": 0,
          "attributes": {
            "address_prefix": "10.0.2.0/24",
            "address_prefixes": [
              "10.0.2.0/24"
            ],
            "delegation": [],
            "enforce_private_link_endpoint_network_policies": false,
            "enforce_private_link_service_network_policies": false,
            "id": "/subscriptions/dac4cab6-7da3-4bba-a0c6-b93e33e6717a/resourceGroups/RG-isuru-tf/providers/Microsoft.Network/virtualNetworks/isuru-tf-vnet/subnets/isuru-tf-subnet",
            "name": "isuru-tf-subnet",
            "resource_group_name": "RG-isuru-tf",
            "service_endpoint_policy_ids": [],
            "service_endpoints": [],
            "timeouts": null,
            "virtual_network_name": "isuru-tf-vnet"
          },
          "sensitive_attributes": [],
          "private": "eyJlMmJmYjczMC1lY2FhLTExZTYtOGY4OC0zNDM2M2JjN2M0YzAiOnsiY3JlYXRlIjoxODAwMDAwMDAwMDAwLCJkZWxldGUiOjE4MDAwMDAwMDAwMDAsInJlYWQiOjMwMDAwMDAwMDAwMCwidXBkYXRlIjoxODAwMDAwMDAwMDAwfX0=",
          "dependencies": [
            "azurerm_resource_group.rg",
            "azurerm_virtual_network.vnet"
          ]
        }
      ]
    },
    {
      "mode": "managed",
      "type": "azurerm_virtual_network",
      "name": "vnet",
      "provider": "provider[\"registry.terraform.io/hashicorp/azurerm\"]",
      "instances": [
        {
          "schema_version": 0,
          "attributes": {
            "address_space": [
              "10.0.0.0/16"
            ],
            "bgp_community": "",
            "ddos_protection_plan": [],
            "dns_servers": [],
            "flow_timeout_in_minutes": 0,
            "guid": "ebe8fb2e-90c7-404b-a935-496daeac5daf",
            "id": "/subscriptions/dac4cab6-7da3-4bba-a0c6-b93e33e6717a/resourceGroups/RG-isuru-tf/providers/Microsoft.Network/virtualNetworks/isuru-tf-vnet",
            "location": "westus2",
            "name": "isuru-tf-vnet",
            "resource_group_name": "RG-isuru-tf",
            "subnet": [
              {
                "address_prefix": "10.0.2.0/24",
                "id": "/subscriptions/dac4cab6-7da3-4bba-a0c6-b93e33e6717a/resourceGroups/RG-isuru-tf/providers/Microsoft.Network/virtualNetworks/isuru-tf-vnet/subnets/isuru-tf-subnet",
                "name": "isuru-tf-subnet",
                "security_group": ""
              }
            ],
            "tags": {},
            "timeouts": null,
            "vm_protection_enabled": false
          },
          "sensitive_attributes": [],
          "private": "eyJlMmJmYjczMC1lY2FhLTExZTYtOGY4OC0zNDM2M2JjN2M0YzAiOnsiY3JlYXRlIjoxODAwMDAwMDAwMDAwLCJkZWxldGUiOjE4MDAwMDAwMDAwMDAsInJlYWQiOjMwMDAwMDAwMDAwMCwidXBkYXRlIjoxODAwMDAwMDAwMDAwfX0=",
          "dependencies": [
            "azurerm_resource_group.rg"
          ]
        }
      ]
    },
    {
      "mode": "managed",
      "type": "tls_private_key",
      "name": "ssh",
      "provider": "provider[\"registry.terraform.io/hashicorp/tls\"]",
      "instances": [
        {
          "schema_version": 0,
          "attributes": {
            "algorithm": "RSA",
            "ecdsa_curve": "P224",
            "id": "17dec02463e112c83f92124e43f0d74a8dbfbdfb",
            "private_key_pem": "-----BEGIN RSA PRIVATE KEY-----\nMIIJKgIBAAKCAgEA/7tfxob42xqwEpW9d/jxetyosGpZrOiDUAfJuV8FQMJteQR4\nR9QlZ/4tjgXSVpHCowbtgYacY10smDMdx2PR8SPrNVuzKeU2lavOYyY7DU+NZcR8\nbgUshYVFJeftgZTRKvZawTdGLroHLkPtz6vBEegFzMnVs6GK0hFWC8J4r1n9pUyk\nnzrZkl55DDZTOtmwjiQsdEWGeTklYjSvAOYFyOLAUt/vh+tEe91UqP7RU48tdmcn\nXx2NH0p6qnL6tcDJLVr5lQKadtsoec4WLPnrWBfYOpyWlKHLqxC5Dsni803E8MLo\nN7sf38LpQ98M+1mKXi1/QNTHHuHT5zq2RZGIKGGif8IFsYKaz0q9IuXjqbW0Hta3\nGs45k7hQHVoyAYKjrM/t6HjD3qGPDWQ6b0QlkcgRH75tfRvUygJZ9JSz/TxJPzdF\n8YBFRynxbGe89SrzE2L4AEtFBu6U/C1ukEuUsUzLsGu7C6HbKmpCiX2iqg9EixoF\nREb48NDTeWtkKaZdXba3SYkWnd2DyX0kNSo6Nq2omxTWCupo/nUU9r3c4lnyPOeI\n/wIaQOZiWP8pE6fSyeEIx/CsuJ0EPiT8naq2H8TzwcFy0GYI504TLWjsVBpvao7K\npRvbyUV/V6b8U4M8r1p22GdUyJKZSrZYD0gxGgk/FyXAk6G8lItcUHD3vhECAwEA\nAQKCAgEA9HJyUX2xIRc4mPtDegufIDcOlFuETrCO3JAlNilrBwUSyawJIXfbLbWc\na/aKoa+A4n77xmUa1iw5NV8fJvn2s08HRSDbeL+eVqE8ji/8IHQbj9yqqCwP662B\ndINm1weejTehdrHUR1QRCxtplanyyqAD80Y3HRbccIKbwm/pFoyp1TkW3xHM6Yme\noZrIIif2CVjwmU/gA74pSt9bLTuy6dw9xLpD56Nu+guOImA5TWs+JMDjtJq1y+RQ\nrt9rYRLf+pfMnLA5YEWLQitJrUJTwQhB63zEv1yNJ367tjQq2TFMgGt+t88J38Ub\nXoI2kYh8qBtLWXhKwe1RteS8WHGNOEs7PA60JTWaq+jmFdwOEtIe/ke429M+MtqY\nh2N8PNLgIPKgFuiqvlaTvU7BdzQYS9LNsMkZjlH/qPmPDXlarYonXn+cZMEdmvD7\nMqYlkZiwSekH4cTSM/s5PZf1MWw2+h9d07fhR9vhzK7JM15Ka+KpQBVGcaeDbZay\npC/DfqJD1NxS0Y3t8Z5rWfJNVgtj/15By4KrV0Ad8Lc/0oOV7aXu/rOqrU/IIuZ1\n4cGZf/ICqtc2EmPEX+hhHK5Fh4MELumD0yUqFkob5Dkad6OnggOT74J9gw9+16jy\nB7W0Q4ZM9Qkq2aTXkGCPLfCF1fqfahzQzH4hvS4xuOHFcmfOycUCggEBAP/e5GyH\nfTnFnvY+kBLYPLmgI7HzczNtmKtHCozgK6McUNeaiUm3Ajp3/hB+7INYV+lFNYax\nLC0m8HP1EQQMCPD8lGhIlFQuJ2ZEUczNm1jFUy6PzqOIELr6o8ixruImxhxGZqgh\nqtfdfZE92O+9UGgUocZSQIFw03egw7UcBPemKLP+Po7rGq9JW2cKRH4dl1HV/ehX\n4vBuZfDQQkxqvSzunPOltX11y8uHBiAeHo/LiUnq4qWZSPuO1sKayQSKe171f777\ncxOaVeTfcwaT9nsPWWUHkZmE0J9BZRBtX8MVKd11gr5CY5WEsHpZkjftu35qnmHk\nHH5D1wSG3DMEZasCggEBAP/cdsF6ekmgRCnnnUoV0Gzc1wlKQAojVGIQ8KevMd5Q\ns+m1QhOWDsFm3ryA6hDz3lcMZuC6ZuUmQEUeXRenU0xYk6Z8DHQGG4pkCuUtjpGZ\nlE9jFi2+Tpdbp50sa6Yg/yzgLRLk2mMHQ5GEV/5JzebmRwlv2EuZCVgq1vM7ycIn\nQDDS/A7xnMTVO+rktjhIiHs29ZqriH+Jrozns2Mc1pJ74FAKmHKHdOsn2uv5wDya\nsMDkxIxz+SWsfFzo0URvN5eMIpBcjRBihQQ82ahlS/wbVNiuaZqZA0y6YSNB4zwT\ne949hYoTIyiJ0GcCfLfoK+nZnpcWnYLhSAdxgmR/dzMCggEBAM6QdwBW8XWuYQKS\nx2UvRPbmnWqQC7S9Cb9cftv0LcZkma81hxgHsrjZHjbbAL2YmIAt62RtrChXg09Z\nzP7jaGSExJrb3UOIby5UgWVBp+QmiVzRpBTJSBhrN8ZSC8lvXAh/nWimpXHX0gNr\nVrNUtpEP9vpQdNsK5u1w0A5qLGhxr/J/kql2i/hu1Gd/FoRqBzt98pmcOg24Unvy\n5VMj6M1ZZUQdx0Md0gThYMSVDD8yJgeSpJ7j/NN5IU/B/f64fZjPwO3Bucldk3JO\nImJxGU+HuLejQJwbaQDonlqAsgqgD0hGEeLfXd3bXU2o+i5EslUAZhTJP2eABRoW\ndbaKGjkCggEAOO3e5pHP383vHLvSPYe5Bl/k4MZKlXbi8ab/RPAwUlz2iwuvlhgP\nVG0FJkAw1HDOiePSiDIxbs8iAb8Ny5OJbzVONP7o7m/ldNdprTCDxlW7sCZF6wur\nBPZ5xvj5Qs+Yt21x2gBdrycQm7IsugHF9JhMOgdOwxNcBugRR7GH5NFC8Rogx1pv\nHUSsvkkBWmiZJYFHCJEeH/KMigGL4oOqIpG5iVWyMdl95EzL4zGA2ns41NKSAQZU\n61MDoNCUr3tnjSq7Dg/puzmQiy7W5ycSzxdtu4CjMqjVGR9nOacRXm6fYwWhTuWP\nLxfq7OCay3i3PKMVLFz10wc5NZ7F+oJ6DQKCAQEA1lCD+RR27ztTcAoJz4ilOV5L\nngng+JyWvGdiB/z2Lfk0JuL2LqgNB/7dv0kJbq/oXBZl8JnePYw4GyUBLLYq7Eih\n0vPkUSNUPaqEMmbh3NNyLaXYVKS+Fbess1AOJu9c5phY9dNw41Xm5uCSNSAFBq2X\ndP0DLw12JXAtUAB/QqDsc3uT0EOFPVY6jB8i9AEdasExhoP82DyvZShb1gSNtkQu\nvrCsoT109COPDhysF568/sLVLwO8saRT53Kgpt/V33vKKD0ujoYEs21ryMBt0R2u\nOExd3t6/jHf81pWWvatzscnjGhDkB+8crdot/rxaD0a8f5OY78PnTBxVfhFbxw==\n-----END RSA PRIVATE KEY-----\n",
            "public_key_fingerprint_md5": "20:21:4b:b2:b1:f3:e8:22:35:3c:93:f9:b5:96:02:35",
            "public_key_openssh": "ssh-rsa AAAAB3NzaC1yc2EAAAADAQABAAACAQD/u1/GhvjbGrASlb13+PF63Kiwalms6INQB8m5XwVAwm15BHhH1CVn/i2OBdJWkcKjBu2BhpxjXSyYMx3HY9HxI+s1W7Mp5TaVq85jJjsNT41lxHxuBSyFhUUl5+2BlNEq9lrBN0YuugcuQ+3Pq8ER6AXMydWzoYrSEVYLwnivWf2lTKSfOtmSXnkMNlM62bCOJCx0RYZ5OSViNK8A5gXI4sBS3++H60R73VSo/tFTjy12ZydfHY0fSnqqcvq1wMktWvmVApp22yh5zhYs+etYF9g6nJaUocurELkOyeLzTcTwwug3ux/fwulD3wz7WYpeLX9A1Mce4dPnOrZFkYgoYaJ/wgWxgprPSr0i5eOptbQe1rcazjmTuFAdWjIBgqOsz+3oeMPeoY8NZDpvRCWRyBEfvm19G9TKAln0lLP9PEk/N0XxgEVHKfFsZ7z1KvMTYvgAS0UG7pT8LW6QS5SxTMuwa7sLodsqakKJfaKqD0SLGgVERvjw0NN5a2Qppl1dtrdJiRad3YPJfSQ1Kjo2raibFNYK6mj+dRT2vdziWfI854j/AhpA5mJY/ykTp9LJ4QjH8Ky4nQQ+JPydqrYfxPPBwXLQZgjnThMtaOxUGm9qjsqlG9vJRX9XpvxTgzyvWnbYZ1TIkplKtlgPSDEaCT8XJcCTobyUi1xQcPe+EQ==\n",
            "public_key_pem": "-----BEGIN PUBLIC KEY-----\nMIICIjANBgkqhkiG9w0BAQEFAAOCAg8AMIICCgKCAgEA/7tfxob42xqwEpW9d/jx\netyosGpZrOiDUAfJuV8FQMJteQR4R9QlZ/4tjgXSVpHCowbtgYacY10smDMdx2PR\n8SPrNVuzKeU2lavOYyY7DU+NZcR8bgUshYVFJeftgZTRKvZawTdGLroHLkPtz6vB\nEegFzMnVs6GK0hFWC8J4r1n9pUyknzrZkl55DDZTOtmwjiQsdEWGeTklYjSvAOYF\nyOLAUt/vh+tEe91UqP7RU48tdmcnXx2NH0p6qnL6tcDJLVr5lQKadtsoec4WLPnr\nWBfYOpyWlKHLqxC5Dsni803E8MLoN7sf38LpQ98M+1mKXi1/QNTHHuHT5zq2RZGI\nKGGif8IFsYKaz0q9IuXjqbW0Hta3Gs45k7hQHVoyAYKjrM/t6HjD3qGPDWQ6b0Ql\nkcgRH75tfRvUygJZ9JSz/TxJPzdF8YBFRynxbGe89SrzE2L4AEtFBu6U/C1ukEuU\nsUzLsGu7C6HbKmpCiX2iqg9EixoFREb48NDTeWtkKaZdXba3SYkWnd2DyX0kNSo6\nNq2omxTWCupo/nUU9r3c4lnyPOeI/wIaQOZiWP8pE6fSyeEIx/CsuJ0EPiT8naq2\nH8TzwcFy0GYI504TLWjsVBpvao7KpRvbyUV/V6b8U4M8r1p22GdUyJKZSrZYD0gx\nGgk/FyXAk6G8lItcUHD3vhECAwEAAQ==\n-----END PUBLIC KEY-----\n",
            "rsa_bits": 4096
          },
          "sensitive_attributes": [],
          "private": "bnVsbA=="
        }
      ]
    }
  ]
}
